// !$*UTF8*$!
{
	archiveVersion = 1;
	classes = {
	};
	objectVersion = 50;
	objects = {

/* Begin PBXBuildFile section */
		AE879AD126065C360097BE2A /* AppDelegate.swift in Sources */ = {isa = PBXBuildFile; fileRef = AE879AD026065C360097BE2A /* AppDelegate.swift */; };
		AE879AD326065C360097BE2A /* SceneDelegate.swift in Sources */ = {isa = PBXBuildFile; fileRef = AE879AD226065C360097BE2A /* SceneDelegate.swift */; };
		AE879AD526065C360097BE2A /* ViewController.swift in Sources */ = {isa = PBXBuildFile; fileRef = AE879AD426065C360097BE2A /* ViewController.swift */; };
		AE879AD826065C360097BE2A /* Main.storyboard in Resources */ = {isa = PBXBuildFile; fileRef = AE879AD626065C360097BE2A /* Main.storyboard */; };
		AE879ADA26065C370097BE2A /* Assets.xcassets in Resources */ = {isa = PBXBuildFile; fileRef = AE879AD926065C370097BE2A /* Assets.xcassets */; };
		AE879ADD26065C370097BE2A /* LaunchScreen.storyboard in Resources */ = {isa = PBXBuildFile; fileRef = AE879ADB26065C370097BE2A /* LaunchScreen.storyboard */; };
		E21148F620FFE1EE9AC13289 /* Pods_ChartingApp.framework in Frameworks */ = {isa = PBXBuildFile; fileRef = E7670AF759ECE844F33635E6 /* Pods_ChartingApp.framework */; };
/* End PBXBuildFile section */

/* Begin PBXFileReference section */
		4C4A554C4EA243D617F1F6B9 /* Pods-ChartingApp.debug.xcconfig */ = {isa = PBXFileReference; includeInIndex = 1; lastKnownFileType = text.xcconfig; name = "Pods-ChartingApp.debug.xcconfig"; path = "Target Support Files/Pods-ChartingApp/Pods-ChartingApp.debug.xcconfig"; sourceTree = "<group>"; };
		AE879ACD26065C360097BE2A /* ChartingApp.app */ = {isa = PBXFileReference; explicitFileType = wrapper.application; includeInIndex = 0; path = ChartingApp.app; sourceTree = BUILT_PRODUCTS_DIR; };
		AE879AD026065C360097BE2A /* AppDelegate.swift */ = {isa = PBXFileReference; lastKnownFileType = sourcecode.swift; path = AppDelegate.swift; sourceTree = "<group>"; };
		AE879AD226065C360097BE2A /* SceneDelegate.swift */ = {isa = PBXFileReference; lastKnownFileType = sourcecode.swift; path = SceneDelegate.swift; sourceTree = "<group>"; };
		AE879AD426065C360097BE2A /* ViewController.swift */ = {isa = PBXFileReference; lastKnownFileType = sourcecode.swift; path = ViewController.swift; sourceTree = "<group>"; };
		AE879AD726065C360097BE2A /* Base */ = {isa = PBXFileReference; lastKnownFileType = file.storyboard; name = Base; path = Base.lproj/Main.storyboard; sourceTree = "<group>"; };
		AE879AD926065C370097BE2A /* Assets.xcassets */ = {isa = PBXFileReference; lastKnownFileType = folder.assetcatalog; path = Assets.xcassets; sourceTree = "<group>"; };
		AE879ADC26065C370097BE2A /* Base */ = {isa = PBXFileReference; lastKnownFileType = file.storyboard; name = Base; path = Base.lproj/LaunchScreen.storyboard; sourceTree = "<group>"; };
		AE879ADE26065C370097BE2A /* Info.plist */ = {isa = PBXFileReference; lastKnownFileType = text.plist.xml; path = Info.plist; sourceTree = "<group>"; };
		BF4A84DD446EAB1CFF7C210F /* Pods-ChartingApp.release.xcconfig */ = {isa = PBXFileReference; includeInIndex = 1; lastKnownFileType = text.xcconfig; name = "Pods-ChartingApp.release.xcconfig"; path = "Target Support Files/Pods-ChartingApp/Pods-ChartingApp.release.xcconfig"; sourceTree = "<group>"; };
		E7670AF759ECE844F33635E6 /* Pods_ChartingApp.framework */ = {isa = PBXFileReference; explicitFileType = wrapper.framework; includeInIndex = 0; path = Pods_ChartingApp.framework; sourceTree = BUILT_PRODUCTS_DIR; };
/* End PBXFileReference section */

/* Begin PBXFrameworksBuildPhase section */
		AE879ACA26065C360097BE2A /* Frameworks */ = {
			isa = PBXFrameworksBuildPhase;
			buildActionMask = 2147483647;
			files = (
				E21148F620FFE1EE9AC13289 /* Pods_ChartingApp.framework in Frameworks */,
			);
			runOnlyForDeploymentPostprocessing = 0;
		};
/* End PBXFrameworksBuildPhase section */

/* Begin PBXGroup section */
		04D5FFD3324C718FAE7233A0 /* Frameworks */ = {
			isa = PBXGroup;
			children = (
				E7670AF759ECE844F33635E6 /* Pods_ChartingApp.framework */,
			);
			name = Frameworks;
			sourceTree = "<group>";
		};
		AE879AC426065C360097BE2A = {
			isa = PBXGroup;
			children = (
				AE879ACF26065C360097BE2A /* ChartingApp */,
				AE879ACE26065C360097BE2A /* Products */,
				EC6DDD4180EB9957DD9F034D /* Pods */,
				04D5FFD3324C718FAE7233A0 /* Frameworks */,
			);
			sourceTree = "<group>";
		};
		AE879ACE26065C360097BE2A /* Products */ = {
			isa = PBXGroup;
			children = (
				AE879ACD26065C360097BE2A /* ChartingApp.app */,
			);
			name = Products;
			sourceTree = "<group>";
		};
		AE879ACF26065C360097BE2A /* ChartingApp */ = {
			isa = PBXGroup;
			children = (
				AE879AD026065C360097BE2A /* AppDelegate.swift */,
				AE879AD226065C360097BE2A /* SceneDelegate.swift */,
				AE879AD426065C360097BE2A /* ViewController.swift */,
				AE879AD626065C360097BE2A /* Main.storyboard */,
				AE879AD926065C370097BE2A /* Assets.xcassets */,
				AE879ADB26065C370097BE2A /* LaunchScreen.storyboard */,
				AE879ADE26065C370097BE2A /* Info.plist */,
			);
			path = ChartingApp;
			sourceTree = "<group>";
		};
		EC6DDD4180EB9957DD9F034D /* Pods */ = {
			isa = PBXGroup;
			children = (
				4C4A554C4EA243D617F1F6B9 /* Pods-ChartingApp.debug.xcconfig */,
				BF4A84DD446EAB1CFF7C210F /* Pods-ChartingApp.release.xcconfig */,
			);
			name = Pods;
			path = Pods;
			sourceTree = "<group>";
		};
/* End PBXGroup section */

/* Begin PBXNativeTarget section */
		AE879ACC26065C360097BE2A /* ChartingApp */ = {
			isa = PBXNativeTarget;
			buildConfigurationList = AE879AE126065C370097BE2A /* Build configuration list for PBXNativeTarget "ChartingApp" */;
			buildPhases = (
				1DA88E1D083CD29DA91F37C2 /* [CP] Check Pods Manifest.lock */,
				AE879AC926065C360097BE2A /* Sources */,
				AE879ACA26065C360097BE2A /* Frameworks */,
				AE879ACB26065C360097BE2A /* Resources */,
				F6D047BE28F18D26D30CF048 /* [CP] Embed Pods Frameworks */,
			);
			buildRules = (
			);
			dependencies = (
			);
			name = ChartingApp;
			productName = ChartingApp;
			productReference = AE879ACD26065C360097BE2A /* ChartingApp.app */;
			productType = "com.apple.product-type.application";
		};
/* End PBXNativeTarget section */

/* Begin PBXProject section */
		AE879AC526065C360097BE2A /* Project object */ = {
			isa = PBXProject;
			attributes = {
				LastSwiftUpdateCheck = 1240;
				LastUpgradeCheck = 1240;
				TargetAttributes = {
					AE879ACC26065C360097BE2A = {
						CreatedOnToolsVersion = 12.4;
					};
				};
			};
			buildConfigurationList = AE879AC826065C360097BE2A /* Build configuration list for PBXProject "ChartingApp" */;
			compatibilityVersion = "Xcode 9.3";
			developmentRegion = en;
			hasScannedForEncodings = 0;
			knownRegions = (
				en,
				Base,
			);
			mainGroup = AE879AC426065C360097BE2A;
			productRefGroup = AE879ACE26065C360097BE2A /* Products */;
			projectDirPath = "";
			projectRoot = "";
			targets = (
				AE879ACC26065C360097BE2A /* ChartingApp */,
			);
		};
/* End PBXProject section */

/* Begin PBXResourcesBuildPhase section */
		AE879ACB26065C360097BE2A /* Resources */ = {
			isa = PBXResourcesBuildPhase;
			buildActionMask = 2147483647;
			files = (
				AE879ADD26065C370097BE2A /* LaunchScreen.storyboard in Resources */,
				AE879ADA26065C370097BE2A /* Assets.xcassets in Resources */,
				AE879AD826065C360097BE2A /* Main.storyboard in Resources */,
			);
			runOnlyForDeploymentPostprocessing = 0;
		};
/* End PBXResourcesBuildPhase section */

/* Begin PBXShellScriptBuildPhase section */
		1DA88E1D083CD29DA91F37C2 /* [CP] Check Pods Manifest.lock */ = {
			isa = PBXShellScriptBuildPhase;
			buildActionMask = 2147483647;
			files = (
			);
			inputFileListPaths = (
			);
			inputPaths = (
				"${PODS_PODFILE_DIR_PATH}/Podfile.lock",
				"${PODS_ROOT}/Manifest.lock",
			);
			name = "[CP] Check Pods Manifest.lock";
			outputFileListPaths = (
			);
			outputPaths = (
				"$(DERIVED_FILE_DIR)/Pods-ChartingApp-checkManifestLockResult.txt",
			);
			runOnlyForDeploymentPostprocessing = 0;
			shellPath = /bin/sh;
			shellScript = "diff \"${PODS_PODFILE_DIR_PATH}/Podfile.lock\" \"${PODS_ROOT}/Manifest.lock\" > /dev/null\nif [ $? != 0 ] ; then\n    # print error to STDERR\n    echo \"error: The sandbox is not in sync with the Podfile.lock. Run 'pod install' or update your CocoaPods installation.\" >&2\n    exit 1\nfi\n# This output is used by Xcode 'outputs' to avoid re-running this script phase.\necho \"SUCCESS\" > \"${SCRIPT_OUTPUT_FILE_0}\"\n";
			showEnvVarsInLog = 0;
		};
		F6D047BE28F18D26D30CF048 /* [CP] Embed Pods Frameworks */ = {
			isa = PBXShellScriptBuildPhase;
			buildActionMask = 2147483647;
			files = (
			);
			inputFileListPaths = (
				"${PODS_ROOT}/Target Support Files/Pods-ChartingApp/Pods-ChartingApp-frameworks-${CONFIGURATION}-input-files.xcfilelist",
			);
			name = "[CP] Embed Pods Frameworks";
			outputFileListPaths = (
				"${PODS_ROOT}/Target Support Files/Pods-ChartingApp/Pods-ChartingApp-frameworks-${CONFIGURATION}-output-files.xcfilelist",
			);
			runOnlyForDeploymentPostprocessing = 0;
			shellPath = /bin/sh;
			shellScript = "\"${PODS_ROOT}/Target Support Files/Pods-ChartingApp/Pods-ChartingApp-frameworks.sh\"\n";
			showEnvVarsInLog = 0;
		};
/* End PBXShellScriptBuildPhase section */

/* Begin PBXSourcesBuildPhase section */
		AE879AC926065C360097BE2A /* Sources */ = {
			isa = PBXSourcesBuildPhase;
			buildActionMask = 2147483647;
			files = (
				AE879AD526065C360097BE2A /* ViewController.swift in Sources */,
				AE879AD126065C360097BE2A /* AppDelegate.swift in Sources */,
				AE879AD326065C360097BE2A /* SceneDelegate.swift in Sources */,
			);
			runOnlyForDeploymentPostprocessing = 0;
		};
/* End PBXSourcesBuildPhase section */

/* Begin PBXVariantGroup section */
		AE879AD626065C360097BE2A /* Main.storyboard */ = {
			isa = PBXVariantGroup;
			children = (
				AE879AD726065C360097BE2A /* Base */,
			);
			name = Main.storyboard;
			sourceTree = "<group>";
		};
		AE879ADB26065C370097BE2A /* LaunchScreen.storyboard */ = {
			isa = PBXVariantGroup;
			children = (
				AE879ADC26065C370097BE2A /* Base */,
			);
			name = LaunchScreen.storyboard;
			sourceTree = "<group>";
		};
/* End PBXVariantGroup section */

/* Begin XCBuildConfiguration section */
		AE879ADF26065C370097BE2A /* Debug */ = {
			isa = XCBuildConfiguration;
			buildSettings = {
				ALWAYS_SEARCH_USER_PATHS = NO;
				CLANG_ANALYZER_NONNULL = YES;
				CLANG_ANALYZER_NUMBER_OBJECT_CONVERSION = YES_AGGRESSIVE;
				CLANG_CXX_LANGUAGE_STANDARD = "gnu++14";
				CLANG_CXX_LIBRARY = "libc++";
				CLANG_ENABLE_MODULES = YES;
				CLANG_ENABLE_OBJC_ARC = YES;
				CLANG_ENABLE_OBJC_WEAK = YES;
				CLANG_WARN_BLOCK_CAPTURE_AUTORELEASING = YES;
				CLANG_WARN_BOOL_CONVERSION = YES;
				CLANG_WARN_COMMA = YES;
				CLANG_WARN_CONSTANT_CONVERSION = YES;
				CLANG_WARN_DEPRECATED_OBJC_IMPLEMENTATIONS = YES;
				CLANG_WARN_DIRECT_OBJC_ISA_USAGE = YES_ERROR;
				CLANG_WARN_DOCUMENTATION_COMMENTS = YES;
				CLANG_WARN_EMPTY_BODY = YES;
				CLANG_WARN_ENUM_CONVERSION = YES;
				CLANG_WARN_INFINITE_RECURSION = YES;
				CLANG_WARN_INT_CONVERSION = YES;
				CLANG_WARN_NON_LITERAL_NULL_CONVERSION = YES;
				CLANG_WARN_OBJC_IMPLICIT_RETAIN_SELF = YES;
				CLANG_WARN_OBJC_LITERAL_CONVERSION = YES;
				CLANG_WARN_OBJC_ROOT_CLASS = YES_ERROR;
				CLANG_WARN_QUOTED_INCLUDE_IN_FRAMEWORK_HEADER = YES;
				CLANG_WARN_RANGE_LOOP_ANALYSIS = YES;
				CLANG_WARN_STRICT_PROTOTYPES = YES;
				CLANG_WARN_SUSPICIOUS_MOVE = YES;
				CLANG_WARN_UNGUARDED_AVAILABILITY = YES_AGGRESSIVE;
				CLANG_WARN_UNREACHABLE_CODE = YES;
				CLANG_WARN__DUPLICATE_METHOD_MATCH = YES;
				COPY_PHASE_STRIP = NO;
				DEBUG_INFORMATION_FORMAT = dwarf;
				ENABLE_STRICT_OBJC_MSGSEND = YES;
				ENABLE_TESTABILITY = YES;
				GCC_C_LANGUAGE_STANDARD = gnu11;
				GCC_DYNAMIC_NO_PIC = NO;
				GCC_NO_COMMON_BLOCKS = YES;
				GCC_OPTIMIZATION_LEVEL = 0;
				GCC_PREPROCESSOR_DEFINITIONS = (
					"DEBUG=1",
					"$(inherited)",
				);
				GCC_WARN_64_TO_32_BIT_CONVERSION = YES;
				GCC_WARN_ABOUT_RETURN_TYPE = YES_ERROR;
				GCC_WARN_UNDECLARED_SELECTOR = YES;
				GCC_WARN_UNINITIALIZED_AUTOS = YES_AGGRESSIVE;
				GCC_WARN_UNUSED_FUNCTION = YES;
				GCC_WARN_UNUSED_VARIABLE = YES;
				IPHONEOS_DEPLOYMENT_TARGET = 14.4;
				MTL_ENABLE_DEBUG_INFO = INCLUDE_SOURCE;
				MTL_FAST_MATH = YES;
				ONLY_ACTIVE_ARCH = YES;
				SDKROOT = iphoneos;
				SWIFT_ACTIVE_COMPILATION_CONDITIONS = DEBUG;
				SWIFT_OPTIMIZATION_LEVEL = "-Onone";
			};
			name = Debug;
		};
		AE879AE026065C370097BE2A /* Release */ = {
			isa = XCBuildConfiguration;
			buildSettings = {
				ALWAYS_SEARCH_USER_PATHS = NO;
				CLANG_ANALYZER_NONNULL = YES;
				CLANG_ANALYZER_NUMBER_OBJECT_CONVERSION = YES_AGGRESSIVE;
				CLANG_CXX_LANGUAGE_STANDARD = "gnu++14";
				CLANG_CXX_LIBRARY = "libc++";
				CLANG_ENABLE_MODULES = YES;
				CLANG_ENABLE_OBJC_ARC = YES;
				CLANG_ENABLE_OBJC_WEAK = YES;
				CLANG_WARN_BLOCK_CAPTURE_AUTORELEASING = YES;
				CLANG_WARN_BOOL_CONVERSION = YES;
				CLANG_WARN_COMMA = YES;
				CLANG_WARN_CONSTANT_CONVERSION = YES;
				CLANG_WARN_DEPRECATED_OBJC_IMPLEMENTATIONS = YES;
				CLANG_WARN_DIRECT_OBJC_ISA_USAGE = YES_ERROR;
				CLANG_WARN_DOCUMENTATION_COMMENTS = YES;
				CLANG_WARN_EMPTY_BODY = YES;
				CLANG_WARN_ENUM_CONVERSION = YES;
				CLANG_WARN_INFINITE_RECURSION = YES;
				CLANG_WARN_INT_CONVERSION = YES;
				CLANG_WARN_NON_LITERAL_NULL_CONVERSION = YES;
				CLANG_WARN_OBJC_IMPLICIT_RETAIN_SELF = YES;
				CLANG_WARN_OBJC_LITERAL_CONVERSION = YES;
				CLANG_WARN_OBJC_ROOT_CLASS = YES_ERROR;
				CLANG_WARN_QUOTED_INCLUDE_IN_FRAMEWORK_HEADER = YES;
				CLANG_WARN_RANGE_LOOP_ANALYSIS = YES;
				CLANG_WARN_STRICT_PROTOTYPES = YES;
				CLANG_WARN_SUSPICIOUS_MOVE = YES;
				CLANG_WARN_UNGUARDED_AVAILABILITY = YES_AGGRESSIVE;
				CLANG_WARN_UNREACHABLE_CODE = YES;
				CLANG_WARN__DUPLICATE_METHOD_MATCH = YES;
				COPY_PHASE_STRIP = NO;
				DEBUG_INFORMATION_FORMAT = "dwarf-with-dsym";
				ENABLE_NS_ASSERTIONS = NO;
				ENABLE_STRICT_OBJC_MSGSEND = YES;
				GCC_C_LANGUAGE_STANDARD = gnu11;
				GCC_NO_COMMON_BLOCKS = YES;
				GCC_WARN_64_TO_32_BIT_CONVERSION = YES;
				GCC_WARN_ABOUT_RETURN_TYPE = YES_ERROR;
				GCC_WARN_UNDECLARED_SELECTOR = YES;
				GCC_WARN_UNINITIALIZED_AUTOS = YES_AGGRESSIVE;
				GCC_WARN_UNUSED_FUNCTION = YES;
				GCC_WARN_UNUSED_VARIABLE = YES;
				IPHONEOS_DEPLOYMENT_TARGET = 14.4;
				MTL_ENABLE_DEBUG_INFO = NO;
				MTL_FAST_MATH = YES;
				SDKROOT = iphoneos;
				SWIFT_COMPILATION_MODE = wholemodule;
				SWIFT_OPTIMIZATION_LEVEL = "-O";
				VALIDATE_PRODUCT = YES;
			};
			name = Release;
		};
		AE879AE226065C370097BE2A /* Debug */ = {
			isa = XCBuildConfiguration;
			baseConfigurationReference = 4C4A554C4EA243D617F1F6B9 /* Pods-ChartingApp.debug.xcconfig */;
			buildSettings = {
				ASSETCATALOG_COMPILER_APPICON_NAME = AppIcon;
				ASSETCATALOG_COMPILER_GLOBAL_ACCENT_COLOR_NAME = AccentColor;
				CODE_SIGN_STYLE = Automatic;
				INFOPLIST_FILE = ChartingApp/Info.plist;
				LD_RUNPATH_SEARCH_PATHS = (
					"$(inherited)",
					"@executable_path/Frameworks",
				);
				PRODUCT_BUNDLE_IDENTIFIER = mentor.ChartingApp;
				PRODUCT_NAME = "$(TARGET_NAME)";
				SWIFT_VERSION = 5.0;
				TARGETED_DEVICE_FAMILY = "1,2";
			};
			name = Debug;
		};
		AE879AE326065C370097BE2A /* Release */ = {
			isa = XCBuildConfiguration;
			baseConfigurationReference = BF4A84DD446EAB1CFF7C210F /* Pods-ChartingApp.release.xcconfig */;
			buildSettings = {
				ASSETCATALOG_COMPILER_APPICON_NAME = AppIcon;
				ASSETCATALOG_COMPILER_GLOBAL_ACCENT_COLOR_NAME = AccentColor;
				CODE_SIGN_STYLE = Automatic;
				INFOPLIST_FILE = ChartingApp/Info.plist;
				LD_RUNPATH_SEARCH_PATHS = (
					"$(inherited)",
					"@executable_path/Frameworks",
				);
				PRODUCT_BUNDLE_IDENTIFIER = mentor.ChartingApp;
				PRODUCT_NAME = "$(TARGET_NAME)";
				SWIFT_VERSION = 5.0;
				TARGETED_DEVICE_FAMILY = "1,2";
			};
			name = Release;
		};
/* End XCBuildConfiguration section */

/* Begin XCConfigurationList section */
		AE879AC826065C360097BE2A /* Build configuration list for PBXProject "ChartingApp" */ = {
			isa = XCConfigurationList;
			buildConfigurations = (
				AE879ADF26065C370097BE2A /* Debug */,
				AE879AE026065C370097BE2A /* Release */,
			);
			defaultConfigurationIsVisible = 0;
			defaultConfigurationName = Release;
		};
		AE879AE126065C370097BE2A /* Build configuration list for PBXNativeTarget "ChartingApp" */ = {
			isa = XCConfigurationList;
			buildConfigurations = (
				AE879AE226065C370097BE2A /* Debug */,
				AE879AE326065C370097BE2A /* Release */,
			);
			defaultConfigurationIsVisible = 0;
			defaultConfigurationName = Release;
		};
/* End XCConfigurationList section */
	};
	rootObject = AE879AC526065C360097BE2A /* Project object */;
}
